{
  "originHash" : "0469e668405dbfef549f52cd3f8097d6fde9b0d77f90ead66242fedc3a4e8a38",
  "pins" : [
    {
      "identity" : "bluetooth-law-energy-swift",
      "kind" : "remoteSourceControl",
      "location" : "https://github.com/The-Igor/bluetooth-law-energy-swift",
      "state" : {
        "revision" : "cdcda1eb6d69f7e79d6dd88d5b89f12b47bd5048",
        "version" : "1.0.0"
      }
    }
  ],
  "version" : 3
}
