{
  "originHash" : "0469e668405dbfef549f52cd3f8097d6fde9b0d77f90ead66242fedc3a4e8a38",
  "pins" : [
    {
      "identity" : "bluetooth-law-energy-swift",
      "kind" : "remoteSourceControl",
      "location" : "https://github.com/The-Igor/bluetooth-law-energy-swift",
      "state" : {
        "branch" : "main",
        "revision" : "78b962f833956ae59ed086bfd771da24657fb520"
      }
    }
  ],
  "version" : 3
}
